
Microsoft Visual Studio Solution File, Format Version 12.00
# Visual Studio Version 17
VisualStudioVersion = 17.5.33502.453
MinimumVisualStudioVersion = 10.0.40219.1
Project("{FAE04EC0-301F-11D3-BF4B-00C04F79EFBC}") = "otomrelationship", "otomrelationship.csproj", "{C7143E8E-2875-4185-9757-83F5ABB49E83}"
EndProject
Global
	GlobalSection(SolutionConfigurationPlatforms) = preSolution
		Debug|Any CPU = Debug|Any CPU
		Release|Any CPU = Release|Any CPU
	EndGlobalSection
	GlobalSection(ProjectConfigurationPlatforms) = postSolution
		{C7143E8E-2875-4185-9757-83F5ABB49E83}.Debug|Any CPU.ActiveCfg = Debug|Any CPU
		{C7143E8E-2875-4185-9757-83F5ABB49E83}.Debug|Any CPU.Build.0 = Debug|Any CPU
		{C7143E8E-2875-4185-9757-83F5ABB49E83}.Release|Any CPU.ActiveCfg = Release|Any CPU
		{C7143E8E-2875-4185-9757-83F5ABB49E83}.Release|Any CPU.Build.0 = Release|Any CPU
	EndGlobalSection
	GlobalSection(SolutionProperties) = preSolution
		HideSolutionNode = FALSE
	EndGlobalSection
	GlobalSection(ExtensibilityGlobals) = postSolution
		SolutionGuid = {A46A55C6-48DA-4D8A-8B4B-B1DF3484A5A3}
	EndGlobalSection
EndGlobal
